
Microsoft Visual Studio Solution File, Format Version 12.00
# Visual Studio Version 16
VisualStudioVersion = 16.0.31424.327
MinimumVisualStudioVersion = 10.0.40219.1
Project("{FAE04EC0-301F-11D3-BF4B-00C04F79EFBC}") = "MQTTBoker", "MQTTBoker.csproj", "{9D0FB4F1-2674-4249-A934-58B58C48175E}"
EndProject
Global
	GlobalSection(SolutionConfigurationPlatforms) = preSolution
		Debug|Any CPU = Debug|Any CPU
		Release|Any CPU = Release|Any CPU
	EndGlobalSection
	GlobalSection(ProjectConfigurationPlatforms) = postSolution
		{9D0FB4F1-2674-4249-A934-58B58C48175E}.Debug|Any CPU.ActiveCfg = Debug|Any CPU
		{9D0FB4F1-2674-4249-A934-58B58C48175E}.Debug|Any CPU.Build.0 = Debug|Any CPU
		{9D0FB4F1-2674-4249-A934-58B58C48175E}.Release|Any CPU.ActiveCfg = Release|Any CPU
		{9D0FB4F1-2674-4249-A934-58B58C48175E}.Release|Any CPU.Build.0 = Release|Any CPU
	EndGlobalSection
	GlobalSection(SolutionProperties) = preSolution
		HideSolutionNode = FALSE
	EndGlobalSection
	GlobalSection(ExtensibilityGlobals) = postSolution
		SolutionGuid = {D1352B07-4B3E-43F7-B1BE-FE89857EA36D}
	EndGlobalSection
EndGlobal
